
Microsoft Visual Studio Solution File, Format Version 12.00
# Visual Studio Version 16
VisualStudioVersion = 16.0.30907.101
MinimumVisualStudioVersion = 10.0.40219.1
Project("{FAE04EC0-301F-11D3-BF4B-00C04F79EFBC}") = "BC_HW_L7_Malov", "BC_HW_L7_Malov\BC_HW_L7_Malov.csproj", "{932972D8-5906-451F-BBA2-A5ECC5AEC8ED}"
EndProject
Project("{FAE04EC0-301F-11D3-BF4B-00C04F79EFBC}") = "BC_HW_L7_Malov_Task2", "BC_HW_L7_Malov_Task2\BC_HW_L7_Malov_Task2.csproj", "{FC765BC7-F7D3-4055-A8C8-A8A72627D293}"
EndProject
Global
	GlobalSection(SolutionConfigurationPlatforms) = preSolution
		Debug|Any CPU = Debug|Any CPU
		Release|Any CPU = Release|Any CPU
	EndGlobalSection
	GlobalSection(ProjectConfigurationPlatforms) = postSolution
		{932972D8-5906-451F-BBA2-A5ECC5AEC8ED}.Debug|Any CPU.ActiveCfg = Debug|Any CPU
		{932972D8-5906-451F-BBA2-A5ECC5AEC8ED}.Debug|Any CPU.Build.0 = Debug|Any CPU
		{932972D8-5906-451F-BBA2-A5ECC5AEC8ED}.Release|Any CPU.ActiveCfg = Release|Any CPU
		{932972D8-5906-451F-BBA2-A5ECC5AEC8ED}.Release|Any CPU.Build.0 = Release|Any CPU
		{FC765BC7-F7D3-4055-A8C8-A8A72627D293}.Debug|Any CPU.ActiveCfg = Debug|Any CPU
		{FC765BC7-F7D3-4055-A8C8-A8A72627D293}.Debug|Any CPU.Build.0 = Debug|Any CPU
		{FC765BC7-F7D3-4055-A8C8-A8A72627D293}.Release|Any CPU.ActiveCfg = Release|Any CPU
		{FC765BC7-F7D3-4055-A8C8-A8A72627D293}.Release|Any CPU.Build.0 = Release|Any CPU
	EndGlobalSection
	GlobalSection(SolutionProperties) = preSolution
		HideSolutionNode = FALSE
	EndGlobalSection
	GlobalSection(ExtensibilityGlobals) = postSolution
		SolutionGuid = {FB62CF4C-B89C-4BD6-8DDE-D7B487B26A08}
	EndGlobalSection
EndGlobal
