
Microsoft Visual Studio Solution File, Format Version 12.00
# Visual Studio Version 16
VisualStudioVersion = 16.0.30907.101
MinimumVisualStudioVersion = 10.0.40219.1
Project("{FAE04EC0-301F-11D3-BF4B-00C04F79EFBC}") = "BC_HW_L2_Malov", "BC_HW_L2_Malov\BC_HW_L2_Malov.csproj", "{6EF94BF7-CD24-4DE8-AB48-AF448394E0B0}"
EndProject
Global
	GlobalSection(SolutionConfigurationPlatforms) = preSolution
		Debug|Any CPU = Debug|Any CPU
		Release|Any CPU = Release|Any CPU
	EndGlobalSection
	GlobalSection(ProjectConfigurationPlatforms) = postSolution
		{6EF94BF7-CD24-4DE8-AB48-AF448394E0B0}.Debug|Any CPU.ActiveCfg = Debug|Any CPU
		{6EF94BF7-CD24-4DE8-AB48-AF448394E0B0}.Debug|Any CPU.Build.0 = Debug|Any CPU
		{6EF94BF7-CD24-4DE8-AB48-AF448394E0B0}.Release|Any CPU.ActiveCfg = Release|Any CPU
		{6EF94BF7-CD24-4DE8-AB48-AF448394E0B0}.Release|Any CPU.Build.0 = Release|Any CPU
	EndGlobalSection
	GlobalSection(SolutionProperties) = preSolution
		HideSolutionNode = FALSE
	EndGlobalSection
	GlobalSection(ExtensibilityGlobals) = postSolution
		SolutionGuid = {9C4F2065-1253-4742-9848-0FC2D1FE9787}
	EndGlobalSection
EndGlobal
