
Microsoft Visual Studio Solution File, Format Version 12.00
# Visual Studio Version 16
VisualStudioVersion = 16.0.30907.101
MinimumVisualStudioVersion = 10.0.40219.1
Project("{FAE04EC0-301F-11D3-BF4B-00C04F79EFBC}") = "BC_HW_L6_Malov", "BC_HW_L6_Malov\BC_HW_L6_Malov.csproj", "{5F0F03FE-A9D6-4145-AD35-23A997CE8A6E}"
EndProject
Global
	GlobalSection(SolutionConfigurationPlatforms) = preSolution
		Debug|Any CPU = Debug|Any CPU
		Release|Any CPU = Release|Any CPU
	EndGlobalSection
	GlobalSection(ProjectConfigurationPlatforms) = postSolution
		{5F0F03FE-A9D6-4145-AD35-23A997CE8A6E}.Debug|Any CPU.ActiveCfg = Debug|Any CPU
		{5F0F03FE-A9D6-4145-AD35-23A997CE8A6E}.Debug|Any CPU.Build.0 = Debug|Any CPU
		{5F0F03FE-A9D6-4145-AD35-23A997CE8A6E}.Release|Any CPU.ActiveCfg = Release|Any CPU
		{5F0F03FE-A9D6-4145-AD35-23A997CE8A6E}.Release|Any CPU.Build.0 = Release|Any CPU
	EndGlobalSection
	GlobalSection(SolutionProperties) = preSolution
		HideSolutionNode = FALSE
	EndGlobalSection
	GlobalSection(ExtensibilityGlobals) = postSolution
		SolutionGuid = {C5967217-CB0F-4D1E-9F2D-4D6CF77EBC8B}
	EndGlobalSection
EndGlobal
